
Microsoft Visual Studio Solution File, Format Version 12.00
# Visual Studio Version 16
VisualStudioVersion = 16.0.31019.35
MinimumVisualStudioVersion = 10.0.40219.1
Project("{8BC9CEB8-8B4A-11D0-8D11-00A0C91BC942}") = "Lab10QT", "Lab10QT\Lab10QT.vcxproj", "{41E888B6-AF3C-4C6D-B231-4CEDC553A8EB}"
EndProject
Global
	GlobalSection(SolutionConfigurationPlatforms) = preSolution
		Debug|x64 = Debug|x64
		Release|x64 = Release|x64
	EndGlobalSection
	GlobalSection(ProjectConfigurationPlatforms) = postSolution
		{41E888B6-AF3C-4C6D-B231-4CEDC553A8EB}.Debug|x64.ActiveCfg = Debug|x64
		{41E888B6-AF3C-4C6D-B231-4CEDC553A8EB}.Debug|x64.Build.0 = Debug|x64
		{41E888B6-AF3C-4C6D-B231-4CEDC553A8EB}.Release|x64.ActiveCfg = Release|x64
		{41E888B6-AF3C-4C6D-B231-4CEDC553A8EB}.Release|x64.Build.0 = Release|x64
	EndGlobalSection
	GlobalSection(SolutionProperties) = preSolution
		HideSolutionNode = FALSE
	EndGlobalSection
	GlobalSection(ExtensibilityGlobals) = postSolution
		SolutionGuid = {F81BD595-19DA-45A5-BCE1-8D3A3F607076}
	EndGlobalSection
EndGlobal
